// !$*UTF8*$!
{
	archiveVersion = 1;
	classes = {
	};
	objectVersion = 52;
	objects = {

/* Begin PBXBuildFile section */
		143408C62380006100A60CDF /* AppDelegate.swift in Sources */ = {isa = PBXBuildFile; fileRef = 143408C52380006100A60CDF /* AppDelegate.swift */; };
		143408C82380006100A60CDF /* SceneDelegate.swift in Sources */ = {isa = PBXBuildFile; fileRef = 143408C72380006100A60CDF /* SceneDelegate.swift */; };
		143408CA2380006100A60CDF /* ViewController.swift in Sources */ = {isa = PBXBuildFile; fileRef = 143408C92380006100A60CDF /* ViewController.swift */; };
		143408CD2380006100A60CDF /* Main.storyboard in Resources */ = {isa = PBXBuildFile; fileRef = 143408CB2380006100A60CDF /* Main.storyboard */; };
		143408CF2380006100A60CDF /* Assets.xcassets in Resources */ = {isa = PBXBuildFile; fileRef = 143408CE2380006100A60CDF /* Assets.xcassets */; };
		143408D22380006100A60CDF /* LaunchScreen.storyboard in Resources */ = {isa = PBXBuildFile; fileRef = 143408D02380006100A60CDF /* LaunchScreen.storyboard */; };
		143408DB2380008300A60CDF /* RandomService.swift in Sources */ = {isa = PBXBuildFile; fileRef = 143408DA2380008300A60CDF /* RandomService.swift */; };
		143408DC2380008300A60CDF /* PasswordService.swift in Sources */ = {isa = PBXBuildFile; fileRef = 143408D92380008300A60CDF /* PasswordService.swift */; };
		143408DF238000F700A60CDF /* Sodium in Frameworks */ = {isa = PBXBuildFile; productRef = 143408DE238000F700A60CDF /* Sodium */; };
/* End PBXBuildFile section */

/* Begin PBXFileReference section */
		143408C22380006000A60CDF /* easyGen-swift.app */ = {isa = PBXFileReference; explicitFileType = wrapper.application; includeInIndex = 0; path = "easyGen-swift.app"; sourceTree = BUILT_PRODUCTS_DIR; };
		143408C52380006100A60CDF /* AppDelegate.swift */ = {isa = PBXFileReference; lastKnownFileType = sourcecode.swift; path = AppDelegate.swift; sourceTree = "<group>"; };
		143408C72380006100A60CDF /* SceneDelegate.swift */ = {isa = PBXFileReference; lastKnownFileType = sourcecode.swift; path = SceneDelegate.swift; sourceTree = "<group>"; };
		143408C92380006100A60CDF /* ViewController.swift */ = {isa = PBXFileReference; lastKnownFileType = sourcecode.swift; path = ViewController.swift; sourceTree = "<group>"; };
		143408CC2380006100A60CDF /* Base */ = {isa = PBXFileReference; lastKnownFileType = file.storyboard; name = Base; path = Base.lproj/Main.storyboard; sourceTree = "<group>"; };
		143408CE2380006100A60CDF /* Assets.xcassets */ = {isa = PBXFileReference; lastKnownFileType = folder.assetcatalog; path = Assets.xcassets; sourceTree = "<group>"; };
		143408D12380006100A60CDF /* Base */ = {isa = PBXFileReference; lastKnownFileType = file.storyboard; name = Base; path = Base.lproj/LaunchScreen.storyboard; sourceTree = "<group>"; };
		143408D32380006100A60CDF /* Info.plist */ = {isa = PBXFileReference; lastKnownFileType = text.plist.xml; path = Info.plist; sourceTree = "<group>"; };
		143408D92380008300A60CDF /* PasswordService.swift */ = {isa = PBXFileReference; lastKnownFileType = sourcecode.swift; path = PasswordService.swift; sourceTree = "<group>"; };
		143408DA2380008300A60CDF /* RandomService.swift */ = {isa = PBXFileReference; lastKnownFileType = sourcecode.swift; path = RandomService.swift; sourceTree = "<group>"; };
/* End PBXFileReference section */

/* Begin PBXFrameworksBuildPhase section */
		143408BF2380006000A60CDF /* Frameworks */ = {
			isa = PBXFrameworksBuildPhase;
			buildActionMask = 2147483647;
			files = (
				143408DF238000F700A60CDF /* Sodium in Frameworks */,
			);
			runOnlyForDeploymentPostprocessing = 0;
		};
/* End PBXFrameworksBuildPhase section */

/* Begin PBXGroup section */
		143408B92380006000A60CDF = {
			isa = PBXGroup;
			children = (
				143408C42380006000A60CDF /* easyGen-swift */,
				143408C32380006000A60CDF /* Products */,
			);
			sourceTree = "<group>";
		};
		143408C32380006000A60CDF /* Products */ = {
			isa = PBXGroup;
			children = (
				143408C22380006000A60CDF /* easyGen-swift.app */,
			);
			name = Products;
			sourceTree = "<group>";
		};
		143408C42380006000A60CDF /* easyGen-swift */ = {
			isa = PBXGroup;
			children = (
				143408C52380006100A60CDF /* AppDelegate.swift */,
				143408C72380006100A60CDF /* SceneDelegate.swift */,
				143408C92380006100A60CDF /* ViewController.swift */,
				143408CB2380006100A60CDF /* Main.storyboard */,
				143408CE2380006100A60CDF /* Assets.xcassets */,
				143408D02380006100A60CDF /* LaunchScreen.storyboard */,
				143408D92380008300A60CDF /* PasswordService.swift */,
				143408DA2380008300A60CDF /* RandomService.swift */,
				143408D32380006100A60CDF /* Info.plist */,
			);
			path = "easyGen-swift";
			sourceTree = "<group>";
		};
/* End PBXGroup section */

/* Begin PBXNativeTarget section */
		143408C12380006000A60CDF /* easyGen-swift */ = {
			isa = PBXNativeTarget;
			buildConfigurationList = 143408D62380006100A60CDF /* Build configuration list for PBXNativeTarget "easyGen-swift" */;
			buildPhases = (
				143408BE2380006000A60CDF /* Sources */,
				143408BF2380006000A60CDF /* Frameworks */,
				143408C02380006000A60CDF /* Resources */,
			);
			buildRules = (
			);
			dependencies = (
			);
			name = "easyGen-swift";
			packageProductDependencies = (
				143408DE238000F700A60CDF /* Sodium */,
			);
			productName = "easyGen-swift";
			productReference = 143408C22380006000A60CDF /* easyGen-swift.app */;
			productType = "com.apple.product-type.application";
		};
/* End PBXNativeTarget section */

/* Begin PBXProject section */
		143408BA2380006000A60CDF /* Project object */ = {
			isa = PBXProject;
			attributes = {
				LastSwiftUpdateCheck = 1120;
				LastUpgradeCheck = 1120;
				ORGANIZATIONNAME = "Developed by Dubya";
				TargetAttributes = {
					143408C12380006000A60CDF = {
						CreatedOnToolsVersion = 11.2;
					};
				};
			};
			buildConfigurationList = 143408BD2380006000A60CDF /* Build configuration list for PBXProject "easyGen-swift" */;
			compatibilityVersion = "Xcode 9.3";
			developmentRegion = en;
			hasScannedForEncodings = 0;
			knownRegions = (
				en,
				Base,
			);
			mainGroup = 143408B92380006000A60CDF;
			packageReferences = (
				143408DD238000F700A60CDF /* XCRemoteSwiftPackageReference "swift-sodium" */,
			);
			productRefGroup = 143408C32380006000A60CDF /* Products */;
			projectDirPath = "";
			projectRoot = "";
			targets = (
				143408C12380006000A60CDF /* easyGen-swift */,
			);
		};
/* End PBXProject section */

/* Begin PBXResourcesBuildPhase section */
		143408C02380006000A60CDF /* Resources */ = {
			isa = PBXResourcesBuildPhase;
			buildActionMask = 2147483647;
			files = (
				143408D22380006100A60CDF /* LaunchScreen.storyboard in Resources */,
				143408CF2380006100A60CDF /* Assets.xcassets in Resources */,
				143408CD2380006100A60CDF /* Main.storyboard in Resources */,
			);
			runOnlyForDeploymentPostprocessing = 0;
		};
/* End PBXResourcesBuildPhase section */

/* Begin PBXSourcesBuildPhase section */
		143408BE2380006000A60CDF /* Sources */ = {
			isa = PBXSourcesBuildPhase;
			buildActionMask = 2147483647;
			files = (
				143408DB2380008300A60CDF /* RandomService.swift in Sources */,
				143408CA2380006100A60CDF /* ViewController.swift in Sources */,
				143408C62380006100A60CDF /* AppDelegate.swift in Sources */,
				143408DC2380008300A60CDF /* PasswordService.swift in Sources */,
				143408C82380006100A60CDF /* SceneDelegate.swift in Sources */,
			);
			runOnlyForDeploymentPostprocessing = 0;
		};
/* End PBXSourcesBuildPhase section */

/* Begin PBXVariantGroup section */
		143408CB2380006100A60CDF /* Main.storyboard */ = {
			isa = PBXVariantGroup;
			children = (
				143408CC2380006100A60CDF /* Base */,
			);
			name = Main.storyboard;
			sourceTree = "<group>";
		};
		143408D02380006100A60CDF /* LaunchScreen.storyboard */ = {
			isa = PBXVariantGroup;
			children = (
				143408D12380006100A60CDF /* Base */,
			);
			name = LaunchScreen.storyboard;
			sourceTree = "<group>";
		};
/* End PBXVariantGroup section */

/* Begin XCBuildConfiguration section */
		143408D42380006100A60CDF /* Debug */ = {
			isa = XCBuildConfiguration;
			buildSettings = {
				ALWAYS_SEARCH_USER_PATHS = NO;
				CLANG_ANALYZER_NONNULL = YES;
				CLANG_ANALYZER_NUMBER_OBJECT_CONVERSION = YES_AGGRESSIVE;
				CLANG_CXX_LANGUAGE_STANDARD = "gnu++14";
				CLANG_CXX_LIBRARY = "libc++";
				CLANG_ENABLE_MODULES = YES;
				CLANG_ENABLE_OBJC_ARC = YES;
				CLANG_ENABLE_OBJC_WEAK = YES;
				CLANG_WARN_BLOCK_CAPTURE_AUTORELEASING = YES;
				CLANG_WARN_BOOL_CONVERSION = YES;
				CLANG_WARN_COMMA = YES;
				CLANG_WARN_CONSTANT_CONVERSION = YES;
				CLANG_WARN_DEPRECATED_OBJC_IMPLEMENTATIONS = YES;
				CLANG_WARN_DIRECT_OBJC_ISA_USAGE = YES_ERROR;
				CLANG_WARN_DOCUMENTATION_COMMENTS = YES;
				CLANG_WARN_EMPTY_BODY = YES;
				CLANG_WARN_ENUM_CONVERSION = YES;
				CLANG_WARN_INFINITE_RECURSION = YES;
				CLANG_WARN_INT_CONVERSION = YES;
				CLANG_WARN_NON_LITERAL_NULL_CONVERSION = YES;
				CLANG_WARN_OBJC_IMPLICIT_RETAIN_SELF = YES;
				CLANG_WARN_OBJC_LITERAL_CONVERSION = YES;
				CLANG_WARN_OBJC_ROOT_CLASS = YES_ERROR;
				CLANG_WARN_RANGE_LOOP_ANALYSIS = YES;
				CLANG_WARN_STRICT_PROTOTYPES = YES;
				CLANG_WARN_SUSPICIOUS_MOVE = YES;
				CLANG_WARN_UNGUARDED_AVAILABILITY = YES_AGGRESSIVE;
				CLANG_WARN_UNREACHABLE_CODE = YES;
				CLANG_WARN__DUPLICATE_METHOD_MATCH = YES;
				COPY_PHASE_STRIP = NO;
				DEBUG_INFORMATION_FORMAT = dwarf;
				ENABLE_STRICT_OBJC_MSGSEND = YES;
				ENABLE_TESTABILITY = YES;
				GCC_C_LANGUAGE_STANDARD = gnu11;
				GCC_DYNAMIC_NO_PIC = NO;
				GCC_NO_COMMON_BLOCKS = YES;
				GCC_OPTIMIZATION_LEVEL = 0;
				GCC_PREPROCESSOR_DEFINITIONS = (
					"DEBUG=1",
					"$(inherited)",
				);
				GCC_WARN_64_TO_32_BIT_CONVERSION = YES;
				GCC_WARN_ABOUT_RETURN_TYPE = YES_ERROR;
				GCC_WARN_UNDECLARED_SELECTOR = YES;
				GCC_WARN_UNINITIALIZED_AUTOS = YES_AGGRESSIVE;
				GCC_WARN_UNUSED_FUNCTION = YES;
				GCC_WARN_UNUSED_VARIABLE = YES;
				IPHONEOS_DEPLOYMENT_TARGET = 13.0;
				LIBRARY_SEARCH_PATHS = "/Users/Sean/_CODE/__LIBS/libsodium/libsodium-ios/lib";
				MTL_ENABLE_DEBUG_INFO = INCLUDE_SOURCE;
				MTL_FAST_MATH = YES;
				ONLY_ACTIVE_ARCH = YES;
				SDKROOT = iphoneos;
				SWIFT_ACTIVE_COMPILATION_CONDITIONS = DEBUG;
				SWIFT_OPTIMIZATION_LEVEL = "-Onone";
			};
			name = Debug;
		};
		143408D52380006100A60CDF /* Release */ = {
			isa = XCBuildConfiguration;
			buildSettings = {
				ALWAYS_SEARCH_USER_PATHS = NO;
				CLANG_ANALYZER_NONNULL = YES;
				CLANG_ANALYZER_NUMBER_OBJECT_CONVERSION = YES_AGGRESSIVE;
				CLANG_CXX_LANGUAGE_STANDARD = "gnu++14";
				CLANG_CXX_LIBRARY = "libc++";
				CLANG_ENABLE_MODULES = YES;
				CLANG_ENABLE_OBJC_ARC = YES;
				CLANG_ENABLE_OBJC_WEAK = YES;
				CLANG_WARN_BLOCK_CAPTURE_AUTORELEASING = YES;
				CLANG_WARN_BOOL_CONVERSION = YES;
				CLANG_WARN_COMMA = YES;
				CLANG_WARN_CONSTANT_CONVERSION = YES;
				CLANG_WARN_DEPRECATED_OBJC_IMPLEMENTATIONS = YES;
				CLANG_WARN_DIRECT_OBJC_ISA_USAGE = YES_ERROR;
				CLANG_WARN_DOCUMENTATION_COMMENTS = YES;
				CLANG_WARN_EMPTY_BODY = YES;
				CLANG_WARN_ENUM_CONVERSION = YES;
				CLANG_WARN_INFINITE_RECURSION = YES;
				CLANG_WARN_INT_CONVERSION = YES;
				CLANG_WARN_NON_LITERAL_NULL_CONVERSION = YES;
				CLANG_WARN_OBJC_IMPLICIT_RETAIN_SELF = YES;
				CLANG_WARN_OBJC_LITERAL_CONVERSION = YES;
				CLANG_WARN_OBJC_ROOT_CLASS = YES_ERROR;
				CLANG_WARN_RANGE_LOOP_ANALYSIS = YES;
				CLANG_WARN_STRICT_PROTOTYPES = YES;
				CLANG_WARN_SUSPICIOUS_MOVE = YES;
				CLANG_WARN_UNGUARDED_AVAILABILITY = YES_AGGRESSIVE;
				CLANG_WARN_UNREACHABLE_CODE = YES;
				CLANG_WARN__DUPLICATE_METHOD_MATCH = YES;
				COPY_PHASE_STRIP = NO;
				DEBUG_INFORMATION_FORMAT = "dwarf-with-dsym";
				ENABLE_NS_ASSERTIONS = NO;
				ENABLE_STRICT_OBJC_MSGSEND = YES;
				GCC_C_LANGUAGE_STANDARD = gnu11;
				GCC_NO_COMMON_BLOCKS = YES;
				GCC_WARN_64_TO_32_BIT_CONVERSION = YES;
				GCC_WARN_ABOUT_RETURN_TYPE = YES_ERROR;
				GCC_WARN_UNDECLARED_SELECTOR = YES;
				GCC_WARN_UNINITIALIZED_AUTOS = YES_AGGRESSIVE;
				GCC_WARN_UNUSED_FUNCTION = YES;
				GCC_WARN_UNUSED_VARIABLE = YES;
				IPHONEOS_DEPLOYMENT_TARGET = 13.0;
				LIBRARY_SEARCH_PATHS = "/Users/Sean/_CODE/__LIBS/libsodium/libsodium-ios/lib";
				MTL_ENABLE_DEBUG_INFO = NO;
				MTL_FAST_MATH = YES;
				SDKROOT = iphoneos;
				SWIFT_COMPILATION_MODE = wholemodule;
				SWIFT_OPTIMIZATION_LEVEL = "-O";
				VALIDATE_PRODUCT = YES;
			};
			name = Release;
		};
		143408D72380006100A60CDF /* Debug */ = {
			isa = XCBuildConfiguration;
			buildSettings = {
				ASSETCATALOG_COMPILER_APPICON_NAME = AppIcon;
				CODE_SIGN_STYLE = Automatic;
				DEVELOPMENT_TEAM = L2HNWVG9WM;
				INFOPLIST_FILE = "easyGen-swift/Info.plist";
				LD_RUNPATH_SEARCH_PATHS = (
					"$(inherited)",
					"@executable_path/Frameworks",
				);
				PRODUCT_BUNDLE_IDENTIFIER = "com.dbd.easyGen-swift";
				PRODUCT_NAME = "$(TARGET_NAME)";
				SWIFT_VERSION = 5.0;
				TARGETED_DEVICE_FAMILY = "1,2";
			};
			name = Debug;
		};
		143408D82380006100A60CDF /* Release */ = {
			isa = XCBuildConfiguration;
			buildSettings = {
				ASSETCATALOG_COMPILER_APPICON_NAME = AppIcon;
				CODE_SIGN_STYLE = Automatic;
				DEVELOPMENT_TEAM = L2HNWVG9WM;
				INFOPLIST_FILE = "easyGen-swift/Info.plist";
				LD_RUNPATH_SEARCH_PATHS = (
					"$(inherited)",
					"@executable_path/Frameworks",
				);
				PRODUCT_BUNDLE_IDENTIFIER = "com.dbd.easyGen-swift";
				PRODUCT_NAME = "$(TARGET_NAME)";
				SWIFT_VERSION = 5.0;
				TARGETED_DEVICE_FAMILY = "1,2";
			};
			name = Release;
		};
/* End XCBuildConfiguration section */

/* Begin XCConfigurationList section */
		143408BD2380006000A60CDF /* Build configuration list for PBXProject "easyGen-swift" */ = {
			isa = XCConfigurationList;
			buildConfigurations = (
				143408D42380006100A60CDF /* Debug */,
				143408D52380006100A60CDF /* Release */,
			);
			defaultConfigurationIsVisible = 0;
			defaultConfigurationName = Release;
		};
		143408D62380006100A60CDF /* Build configuration list for PBXNativeTarget "easyGen-swift" */ = {
			isa = XCConfigurationList;
			buildConfigurations = (
				143408D72380006100A60CDF /* Debug */,
				143408D82380006100A60CDF /* Release */,
			);
			defaultConfigurationIsVisible = 0;
			defaultConfigurationName = Release;
		};
/* End XCConfigurationList section */

/* Begin XCRemoteSwiftPackageReference section */
		143408DD238000F700A60CDF /* XCRemoteSwiftPackageReference "swift-sodium" */ = {
			isa = XCRemoteSwiftPackageReference;
			repositoryURL = "https://github.com/jedisct1/swift-sodium.git";
			requirement = {
				branch = master;
				kind = branch;
			};
		};
/* End XCRemoteSwiftPackageReference section */

/* Begin XCSwiftPackageProductDependency section */
		143408DE238000F700A60CDF /* Sodium */ = {
			isa = XCSwiftPackageProductDependency;
			package = 143408DD238000F700A60CDF /* XCRemoteSwiftPackageReference "swift-sodium" */;
			productName = Sodium;
		};
/* End XCSwiftPackageProductDependency section */
	};
	rootObject = 143408BA2380006000A60CDF /* Project object */;
}
